// !$*UTF8*$!
{
	archiveVersion = 1;
	classes = {
	};
	objectVersion = 46;
	objects = {

/* Begin PBXBuildFile section */
		58E983C31F727FA600B399A5 /* EXTRuntimeExtensions.m in Sources */ = {isa = PBXBuildFile; fileRef = 58E983BF1F727FA600B399A5 /* EXTRuntimeExtensions.m */; };
		58E983C41F727FA600B399A5 /* EXTScope.m in Sources */ = {isa = PBXBuildFile; fileRef = 58E983C11F727FA600B399A5 /* EXTScope.m */; };
		58EED8E81F7271D80033C6A2 /* main.m in Sources */ = {isa = PBXBuildFile; fileRef = 58EED8E71F7271D80033C6A2 /* main.m */; };
		58EED8EB1F7271D80033C6A2 /* AppDelegate.m in Sources */ = {isa = PBXBuildFile; fileRef = 58EED8EA1F7271D80033C6A2 /* AppDelegate.m */; };
		58EED8EE1F7271D80033C6A2 /* ViewController.m in Sources */ = {isa = PBXBuildFile; fileRef = 58EED8ED1F7271D80033C6A2 /* ViewController.m */; };
		58EED8F11F7271D80033C6A2 /* Main.storyboard in Resources */ = {isa = PBXBuildFile; fileRef = 58EED8EF1F7271D80033C6A2 /* Main.storyboard */; };
		58EED8F31F7271D80033C6A2 /* Assets.xcassets in Resources */ = {isa = PBXBuildFile; fileRef = 58EED8F21F7271D80033C6A2 /* Assets.xcassets */; };
		58EED8F61F7271D80033C6A2 /* LaunchScreen.storyboard in Resources */ = {isa = PBXBuildFile; fileRef = 58EED8F41F7271D80033C6A2 /* LaunchScreen.storyboard */; };
		58EED9041F7272390033C6A2 /* GHIssue.m in Sources */ = {isa = PBXBuildFile; fileRef = 58EED8FE1F7272390033C6A2 /* GHIssue.m */; };
		58EED9051F7272390033C6A2 /* GHUser.m in Sources */ = {isa = PBXBuildFile; fileRef = 58EED9001F7272390033C6A2 /* GHUser.m */; };
		58EED9061F7272390033C6A2 /* NSJSONSerialization+Nonnull.m in Sources */ = {isa = PBXBuildFile; fileRef = 58EED9021F7272390033C6A2 /* NSJSONSerialization+Nonnull.m */; };
		58EED9071F7272390033C6A2 /* test.json in Resources */ = {isa = PBXBuildFile; fileRef = 58EED9031F7272390033C6A2 /* test.json */; };
		58EED97E1F7276CC0033C6A2 /* MTLJSONAdapter.m in Sources */ = {isa = PBXBuildFile; fileRef = 58EED9631F7276CC0033C6A2 /* MTLJSONAdapter.m */; };
		58EED97F1F7276CC0033C6A2 /* MTLModel+NSCoding.m in Sources */ = {isa = PBXBuildFile; fileRef = 58EED9651F7276CC0033C6A2 /* MTLModel+NSCoding.m */; };
		58EED9801F7276CC0033C6A2 /* MTLModel.m in Sources */ = {isa = PBXBuildFile; fileRef = 58EED9671F7276CC0033C6A2 /* MTLModel.m */; };
		58EED9811F7276CC0033C6A2 /* MTLReflection.m in Sources */ = {isa = PBXBuildFile; fileRef = 58EED9691F7276CC0033C6A2 /* MTLReflection.m */; };
		58EED9821F7276CC0033C6A2 /* MTLTransformerErrorHandling.m in Sources */ = {isa = PBXBuildFile; fileRef = 58EED96B1F7276CC0033C6A2 /* MTLTransformerErrorHandling.m */; };
		58EED9831F7276CC0033C6A2 /* MTLValueTransformer.m in Sources */ = {isa = PBXBuildFile; fileRef = 58EED96D1F7276CC0033C6A2 /* MTLValueTransformer.m */; };
		58EED9841F7276CC0033C6A2 /* NSArray+MTLManipulationAdditions.m in Sources */ = {isa = PBXBuildFile; fileRef = 58EED96F1F7276CC0033C6A2 /* NSArray+MTLManipulationAdditions.m */; };
		58EED9851F7276CC0033C6A2 /* NSDictionary+MTLJSONKeyPath.m in Sources */ = {isa = PBXBuildFile; fileRef = 58EED9711F7276CC0033C6A2 /* NSDictionary+MTLJSONKeyPath.m */; };
		58EED9861F7276CC0033C6A2 /* NSDictionary+MTLManipulationAdditions.m in Sources */ = {isa = PBXBuildFile; fileRef = 58EED9731F7276CC0033C6A2 /* NSDictionary+MTLManipulationAdditions.m */; };
		58EED9871F7276CC0033C6A2 /* NSDictionary+MTLMappingAdditions.m in Sources */ = {isa = PBXBuildFile; fileRef = 58EED9751F7276CC0033C6A2 /* NSDictionary+MTLMappingAdditions.m */; };
		58EED9881F7276CC0033C6A2 /* NSError+MTLModelException.m in Sources */ = {isa = PBXBuildFile; fileRef = 58EED9771F7276CC0033C6A2 /* NSError+MTLModelException.m */; };
		58EED9891F7276CC0033C6A2 /* NSObject+MTLComparisonAdditions.m in Sources */ = {isa = PBXBuildFile; fileRef = 58EED9791F7276CC0033C6A2 /* NSObject+MTLComparisonAdditions.m */; };
		58EED98A1F7276CC0033C6A2 /* NSValueTransformer+MTLInversionAdditions.m in Sources */ = {isa = PBXBuildFile; fileRef = 58EED97B1F7276CC0033C6A2 /* NSValueTransformer+MTLInversionAdditions.m */; };
		58EED98B1F7276CC0033C6A2 /* NSValueTransformer+MTLPredefinedTransformerAdditions.m in Sources */ = {isa = PBXBuildFile; fileRef = 58EED97D1F7276CC0033C6A2 /* NSValueTransformer+MTLPredefinedTransformerAdditions.m */; };
/* End PBXBuildFile section */

/* Begin PBXFileReference section */
		58E983BD1F727FA600B399A5 /* EXTKeyPathCoding.h */ = {isa = PBXFileReference; fileEncoding = 4; lastKnownFileType = sourcecode.c.h; path = EXTKeyPathCoding.h; sourceTree = "<group>"; };
		58E983BE1F727FA600B399A5 /* EXTRuntimeExtensions.h */ = {isa = PBXFileReference; fileEncoding = 4; lastKnownFileType = sourcecode.c.h; path = EXTRuntimeExtensions.h; sourceTree = "<group>"; };
		58E983BF1F727FA600B399A5 /* EXTRuntimeExtensions.m */ = {isa = PBXFileReference; fileEncoding = 4; lastKnownFileType = sourcecode.c.objc; path = EXTRuntimeExtensions.m; sourceTree = "<group>"; };
		58E983C01F727FA600B399A5 /* EXTScope.h */ = {isa = PBXFileReference; fileEncoding = 4; lastKnownFileType = sourcecode.c.h; path = EXTScope.h; sourceTree = "<group>"; };
		58E983C11F727FA600B399A5 /* EXTScope.m */ = {isa = PBXFileReference; fileEncoding = 4; lastKnownFileType = sourcecode.c.objc; path = EXTScope.m; sourceTree = "<group>"; };
		58E983C21F727FA600B399A5 /* metamacros.h */ = {isa = PBXFileReference; fileEncoding = 4; lastKnownFileType = sourcecode.c.h; path = metamacros.h; sourceTree = "<group>"; };
		58EED8E31F7271D80033C6A2 /* Example.app */ = {isa = PBXFileReference; explicitFileType = wrapper.application; includeInIndex = 0; path = Example.app; sourceTree = BUILT_PRODUCTS_DIR; };
		58EED8E71F7271D80033C6A2 /* main.m */ = {isa = PBXFileReference; lastKnownFileType = sourcecode.c.objc; path = main.m; sourceTree = "<group>"; };
		58EED8E91F7271D80033C6A2 /* AppDelegate.h */ = {isa = PBXFileReference; lastKnownFileType = sourcecode.c.h; path = AppDelegate.h; sourceTree = "<group>"; };
		58EED8EA1F7271D80033C6A2 /* AppDelegate.m */ = {isa = PBXFileReference; lastKnownFileType = sourcecode.c.objc; path = AppDelegate.m; sourceTree = "<group>"; };
		58EED8EC1F7271D80033C6A2 /* ViewController.h */ = {isa = PBXFileReference; lastKnownFileType = sourcecode.c.h; path = ViewController.h; sourceTree = "<group>"; };
		58EED8ED1F7271D80033C6A2 /* ViewController.m */ = {isa = PBXFileReference; lastKnownFileType = sourcecode.c.objc; path = ViewController.m; sourceTree = "<group>"; };
		58EED8F01F7271D80033C6A2 /* Base */ = {isa = PBXFileReference; lastKnownFileType = file.storyboard; name = Base; path = Base.lproj/Main.storyboard; sourceTree = "<group>"; };
		58EED8F21F7271D80033C6A2 /* Assets.xcassets */ = {isa = PBXFileReference; lastKnownFileType = folder.assetcatalog; path = Assets.xcassets; sourceTree = "<group>"; };
		58EED8F51F7271D80033C6A2 /* Base */ = {isa = PBXFileReference; lastKnownFileType = file.storyboard; name = Base; path = Base.lproj/LaunchScreen.storyboard; sourceTree = "<group>"; };
		58EED8F71F7271D80033C6A2 /* Info.plist */ = {isa = PBXFileReference; lastKnownFileType = text.plist.xml; path = Info.plist; sourceTree = "<group>"; };
		58EED8FD1F7272390033C6A2 /* GHIssue.h */ = {isa = PBXFileReference; fileEncoding = 4; lastKnownFileType = sourcecode.c.h; path = GHIssue.h; sourceTree = "<group>"; };
		58EED8FE1F7272390033C6A2 /* GHIssue.m */ = {isa = PBXFileReference; fileEncoding = 4; lastKnownFileType = sourcecode.c.objc; path = GHIssue.m; sourceTree = "<group>"; };
		58EED8FF1F7272390033C6A2 /* GHUser.h */ = {isa = PBXFileReference; fileEncoding = 4; lastKnownFileType = sourcecode.c.h; path = GHUser.h; sourceTree = "<group>"; };
		58EED9001F7272390033C6A2 /* GHUser.m */ = {isa = PBXFileReference; fileEncoding = 4; lastKnownFileType = sourcecode.c.objc; path = GHUser.m; sourceTree = "<group>"; };
		58EED9011F7272390033C6A2 /* NSJSONSerialization+Nonnull.h */ = {isa = PBXFileReference; fileEncoding = 4; lastKnownFileType = sourcecode.c.h; path = "NSJSONSerialization+Nonnull.h"; sourceTree = "<group>"; };
		58EED9021F7272390033C6A2 /* NSJSONSerialization+Nonnull.m */ = {isa = PBXFileReference; fileEncoding = 4; lastKnownFileType = sourcecode.c.objc; path = "NSJSONSerialization+Nonnull.m"; sourceTree = "<group>"; };
		58EED9031F7272390033C6A2 /* test.json */ = {isa = PBXFileReference; fileEncoding = 4; lastKnownFileType = text.json; path = test.json; sourceTree = "<group>"; };
		58EED9611F7276CC0033C6A2 /* Mantle.h */ = {isa = PBXFileReference; fileEncoding = 4; lastKnownFileType = sourcecode.c.h; path = Mantle.h; sourceTree = "<group>"; };
		58EED9621F7276CC0033C6A2 /* MTLJSONAdapter.h */ = {isa = PBXFileReference; fileEncoding = 4; lastKnownFileType = sourcecode.c.h; path = MTLJSONAdapter.h; sourceTree = "<group>"; };
		58EED9631F7276CC0033C6A2 /* MTLJSONAdapter.m */ = {isa = PBXFileReference; fileEncoding = 4; lastKnownFileType = sourcecode.c.objc; path = MTLJSONAdapter.m; sourceTree = "<group>"; };
		58EED9641F7276CC0033C6A2 /* MTLModel+NSCoding.h */ = {isa = PBXFileReference; fileEncoding = 4; lastKnownFileType = sourcecode.c.h; path = "MTLModel+NSCoding.h"; sourceTree = "<group>"; };
		58EED9651F7276CC0033C6A2 /* MTLModel+NSCoding.m */ = {isa = PBXFileReference; fileEncoding = 4; lastKnownFileType = sourcecode.c.objc; path = "MTLModel+NSCoding.m"; sourceTree = "<group>"; };
		58EED9661F7276CC0033C6A2 /* MTLModel.h */ = {isa = PBXFileReference; fileEncoding = 4; lastKnownFileType = sourcecode.c.h; path = MTLModel.h; sourceTree = "<group>"; };
		58EED9671F7276CC0033C6A2 /* MTLModel.m */ = {isa = PBXFileReference; fileEncoding = 4; lastKnownFileType = sourcecode.c.objc; path = MTLModel.m; sourceTree = "<group>"; };
		58EED9681F7276CC0033C6A2 /* MTLReflection.h */ = {isa = PBXFileReference; fileEncoding = 4; lastKnownFileType = sourcecode.c.h; path = MTLReflection.h; sourceTree = "<group>"; };
		58EED9691F7276CC0033C6A2 /* MTLReflection.m */ = {isa = PBXFileReference; fileEncoding = 4; lastKnownFileType = sourcecode.c.objc; path = MTLReflection.m; sourceTree = "<group>"; };
		58EED96A1F7276CC0033C6A2 /* MTLTransformerErrorHandling.h */ = {isa = PBXFileReference; fileEncoding = 4; lastKnownFileType = sourcecode.c.h; path = MTLTransformerErrorHandling.h; sourceTree = "<group>"; };
		58EED96B1F7276CC0033C6A2 /* MTLTransformerErrorHandling.m */ = {isa = PBXFileReference; fileEncoding = 4; lastKnownFileType = sourcecode.c.objc; path = MTLTransformerErrorHandling.m; sourceTree = "<group>"; };
		58EED96C1F7276CC0033C6A2 /* MTLValueTransformer.h */ = {isa = PBXFileReference; fileEncoding = 4; lastKnownFileType = sourcecode.c.h; path = MTLValueTransformer.h; sourceTree = "<group>"; };
		58EED96D1F7276CC0033C6A2 /* MTLValueTransformer.m */ = {isa = PBXFileReference; fileEncoding = 4; lastKnownFileType = sourcecode.c.objc; path = MTLValueTransformer.m; sourceTree = "<group>"; };
		58EED96E1F7276CC0033C6A2 /* NSArray+MTLManipulationAdditions.h */ = {isa = PBXFileReference; fileEncoding = 4; lastKnownFileType = sourcecode.c.h; path = "NSArray+MTLManipulationAdditions.h"; sourceTree = "<group>"; };
		58EED96F1F7276CC0033C6A2 /* NSArray+MTLManipulationAdditions.m */ = {isa = PBXFileReference; fileEncoding = 4; lastKnownFileType = sourcecode.c.objc; path = "NSArray+MTLManipulationAdditions.m"; sourceTree = "<group>"; };
		58EED9701F7276CC0033C6A2 /* NSDictionary+MTLJSONKeyPath.h */ = {isa = PBXFileReference; fileEncoding = 4; lastKnownFileType = sourcecode.c.h; path = "NSDictionary+MTLJSONKeyPath.h"; sourceTree = "<group>"; };
		58EED9711F7276CC0033C6A2 /* NSDictionary+MTLJSONKeyPath.m */ = {isa = PBXFileReference; fileEncoding = 4; lastKnownFileType = sourcecode.c.objc; path = "NSDictionary+MTLJSONKeyPath.m"; sourceTree = "<group>"; };
		58EED9721F7276CC0033C6A2 /* NSDictionary+MTLManipulationAdditions.h */ = {isa = PBXFileReference; fileEncoding = 4; lastKnownFileType = sourcecode.c.h; path = "NSDictionary+MTLManipulationAdditions.h"; sourceTree = "<group>"; };
		58EED9731F7276CC0033C6A2 /* NSDictionary+MTLManipulationAdditions.m */ = {isa = PBXFileReference; fileEncoding = 4; lastKnownFileType = sourcecode.c.objc; path = "NSDictionary+MTLManipulationAdditions.m"; sourceTree = "<group>"; };
		58EED9741F7276CC0033C6A2 /* NSDictionary+MTLMappingAdditions.h */ = {isa = PBXFileReference; fileEncoding = 4; lastKnownFileType = sourcecode.c.h; path = "NSDictionary+MTLMappingAdditions.h"; sourceTree = "<group>"; };
		58EED9751F7276CC0033C6A2 /* NSDictionary+MTLMappingAdditions.m */ = {isa = PBXFileReference; fileEncoding = 4; lastKnownFileType = sourcecode.c.objc; path = "NSDictionary+MTLMappingAdditions.m"; sourceTree = "<group>"; };
		58EED9761F7276CC0033C6A2 /* NSError+MTLModelException.h */ = {isa = PBXFileReference; fileEncoding = 4; lastKnownFileType = sourcecode.c.h; path = "NSError+MTLModelException.h"; sourceTree = "<group>"; };
		58EED9771F7276CC0033C6A2 /* NSError+MTLModelException.m */ = {isa = PBXFileReference; fileEncoding = 4; lastKnownFileType = sourcecode.c.objc; path = "NSError+MTLModelException.m"; sourceTree = "<group>"; };
		58EED9781F7276CC0033C6A2 /* NSObject+MTLComparisonAdditions.h */ = {isa = PBXFileReference; fileEncoding = 4; lastKnownFileType = sourcecode.c.h; path = "NSObject+MTLComparisonAdditions.h"; sourceTree = "<group>"; };
		58EED9791F7276CC0033C6A2 /* NSObject+MTLComparisonAdditions.m */ = {isa = PBXFileReference; fileEncoding = 4; lastKnownFileType = sourcecode.c.objc; path = "NSObject+MTLComparisonAdditions.m"; sourceTree = "<group>"; };
		58EED97A1F7276CC0033C6A2 /* NSValueTransformer+MTLInversionAdditions.h */ = {isa = PBXFileReference; fileEncoding = 4; lastKnownFileType = sourcecode.c.h; path = "NSValueTransformer+MTLInversionAdditions.h"; sourceTree = "<group>"; };
		58EED97B1F7276CC0033C6A2 /* NSValueTransformer+MTLInversionAdditions.m */ = {isa = PBXFileReference; fileEncoding = 4; lastKnownFileType = sourcecode.c.objc; path = "NSValueTransformer+MTLInversionAdditions.m"; sourceTree = "<group>"; };
		58EED97C1F7276CC0033C6A2 /* NSValueTransformer+MTLPredefinedTransformerAdditions.h */ = {isa = PBXFileReference; fileEncoding = 4; lastKnownFileType = sourcecode.c.h; path = "NSValueTransformer+MTLPredefinedTransformerAdditions.h"; sourceTree = "<group>"; };
		58EED97D1F7276CC0033C6A2 /* NSValueTransformer+MTLPredefinedTransformerAdditions.m */ = {isa = PBXFileReference; fileEncoding = 4; lastKnownFileType = sourcecode.c.objc; path = "NSValueTransformer+MTLPredefinedTransformerAdditions.m"; sourceTree = "<group>"; };
/* End PBXFileReference section */

/* Begin PBXFrameworksBuildPhase section */
		58EED8E01F7271D80033C6A2 /* Frameworks */ = {
			isa = PBXFrameworksBuildPhase;
			buildActionMask = 2147483647;
			files = (
			);
			runOnlyForDeploymentPostprocessing = 0;
		};
/* End PBXFrameworksBuildPhase section */

/* Begin PBXGroup section */
		58E983BC1F727FA600B399A5 /* extobjc */ = {
			isa = PBXGroup;
			children = (
				58E983BD1F727FA600B399A5 /* EXTKeyPathCoding.h */,
				58E983BE1F727FA600B399A5 /* EXTRuntimeExtensions.h */,
				58E983BF1F727FA600B399A5 /* EXTRuntimeExtensions.m */,
				58E983C01F727FA600B399A5 /* EXTScope.h */,
				58E983C11F727FA600B399A5 /* EXTScope.m */,
				58E983C21F727FA600B399A5 /* metamacros.h */,
			);
			path = extobjc;
			sourceTree = "<group>";
		};
		58EED8DA1F7271D80033C6A2 = {
			isa = PBXGroup;
			children = (
				58EED8E51F7271D80033C6A2 /* Example */,
				58EED8E41F7271D80033C6A2 /* Products */,
			);
			sourceTree = "<group>";
		};
		58EED8E41F7271D80033C6A2 /* Products */ = {
			isa = PBXGroup;
			children = (
				58EED8E31F7271D80033C6A2 /* Example.app */,
			);
			name = Products;
			sourceTree = "<group>";
		};
		58EED8E51F7271D80033C6A2 /* Example */ = {
			isa = PBXGroup;
			children = (
				58EED8E91F7271D80033C6A2 /* AppDelegate.h */,
				58EED8EA1F7271D80033C6A2 /* AppDelegate.m */,
				58EED8EC1F7271D80033C6A2 /* ViewController.h */,
				58EED8ED1F7271D80033C6A2 /* ViewController.m */,
				58EED8FD1F7272390033C6A2 /* GHIssue.h */,
				58EED8FE1F7272390033C6A2 /* GHIssue.m */,
				58EED8FF1F7272390033C6A2 /* GHUser.h */,
				58EED9001F7272390033C6A2 /* GHUser.m */,
				58EED9011F7272390033C6A2 /* NSJSONSerialization+Nonnull.h */,
				58EED9021F7272390033C6A2 /* NSJSONSerialization+Nonnull.m */,
				58EED9601F7276CC0033C6A2 /* Mantle */,
				58EED9031F7272390033C6A2 /* test.json */,
				58EED8EF1F7271D80033C6A2 /* Main.storyboard */,
				58EED8F21F7271D80033C6A2 /* Assets.xcassets */,
				58EED8F41F7271D80033C6A2 /* LaunchScreen.storyboard */,
				58EED8F71F7271D80033C6A2 /* Info.plist */,
				58EED8E61F7271D80033C6A2 /* Supporting Files */,
			);
			path = Example;
			sourceTree = "<group>";
		};
		58EED8E61F7271D80033C6A2 /* Supporting Files */ = {
			isa = PBXGroup;
			children = (
				58EED8E71F7271D80033C6A2 /* main.m */,
			);
			name = "Supporting Files";
			sourceTree = "<group>";
		};
		58EED9601F7276CC0033C6A2 /* Mantle */ = {
			isa = PBXGroup;
			children = (
				58E983BC1F727FA600B399A5 /* extobjc */,
				58EED9611F7276CC0033C6A2 /* Mantle.h */,
				58EED9621F7276CC0033C6A2 /* MTLJSONAdapter.h */,
				58EED9631F7276CC0033C6A2 /* MTLJSONAdapter.m */,
				58EED9641F7276CC0033C6A2 /* MTLModel+NSCoding.h */,
				58EED9651F7276CC0033C6A2 /* MTLModel+NSCoding.m */,
				58EED9661F7276CC0033C6A2 /* MTLModel.h */,
				58EED9671F7276CC0033C6A2 /* MTLModel.m */,
				58EED9681F7276CC0033C6A2 /* MTLReflection.h */,
				58EED9691F7276CC0033C6A2 /* MTLReflection.m */,
				58EED96A1F7276CC0033C6A2 /* MTLTransformerErrorHandling.h */,
				58EED96B1F7276CC0033C6A2 /* MTLTransformerErrorHandling.m */,
				58EED96C1F7276CC0033C6A2 /* MTLValueTransformer.h */,
				58EED96D1F7276CC0033C6A2 /* MTLValueTransformer.m */,
				58EED96E1F7276CC0033C6A2 /* NSArray+MTLManipulationAdditions.h */,
				58EED96F1F7276CC0033C6A2 /* NSArray+MTLManipulationAdditions.m */,
				58EED9701F7276CC0033C6A2 /* NSDictionary+MTLJSONKeyPath.h */,
				58EED9711F7276CC0033C6A2 /* NSDictionary+MTLJSONKeyPath.m */,
				58EED9721F7276CC0033C6A2 /* NSDictionary+MTLManipulationAdditions.h */,
				58EED9731F7276CC0033C6A2 /* NSDictionary+MTLManipulationAdditions.m */,
				58EED9741F7276CC0033C6A2 /* NSDictionary+MTLMappingAdditions.h */,
				58EED9751F7276CC0033C6A2 /* NSDictionary+MTLMappingAdditions.m */,
				58EED9761F7276CC0033C6A2 /* NSError+MTLModelException.h */,
				58EED9771F7276CC0033C6A2 /* NSError+MTLModelException.m */,
				58EED9781F7276CC0033C6A2 /* NSObject+MTLComparisonAdditions.h */,
				58EED9791F7276CC0033C6A2 /* NSObject+MTLComparisonAdditions.m */,
				58EED97A1F7276CC0033C6A2 /* NSValueTransformer+MTLInversionAdditions.h */,
				58EED97B1F7276CC0033C6A2 /* NSValueTransformer+MTLInversionAdditions.m */,
				58EED97C1F7276CC0033C6A2 /* NSValueTransformer+MTLPredefinedTransformerAdditions.h */,
				58EED97D1F7276CC0033C6A2 /* NSValueTransformer+MTLPredefinedTransformerAdditions.m */,
			);
			path = Mantle;
			sourceTree = SOURCE_ROOT;
		};
/* End PBXGroup section */

/* Begin PBXNativeTarget section */
		58EED8E21F7271D80033C6A2 /* Example */ = {
			isa = PBXNativeTarget;
			buildConfigurationList = 58EED8FA1F7271D80033C6A2 /* Build configuration list for PBXNativeTarget "Example" */;
			buildPhases = (
				58EED8DF1F7271D80033C6A2 /* Sources */,
				58EED8E01F7271D80033C6A2 /* Frameworks */,
				58EED8E11F7271D80033C6A2 /* Resources */,
			);
			buildRules = (
			);
			dependencies = (
			);
			name = Example;
			productName = Example;
			productReference = 58EED8E31F7271D80033C6A2 /* Example.app */;
			productType = "com.apple.product-type.application";
		};
/* End PBXNativeTarget section */

/* Begin PBXProject section */
		58EED8DB1F7271D80033C6A2 /* Project object */ = {
			isa = PBXProject;
			attributes = {
				LastUpgradeCheck = 0830;
				ORGANIZATIONNAME = ShannonChen;
				TargetAttributes = {
					58EED8E21F7271D80033C6A2 = {
						CreatedOnToolsVersion = 8.3.2;
						DevelopmentTeam = L32PN8QKLZ;
						ProvisioningStyle = Automatic;
					};
				};
			};
			buildConfigurationList = 58EED8DE1F7271D80033C6A2 /* Build configuration list for PBXProject "Example" */;
			compatibilityVersion = "Xcode 3.2";
			developmentRegion = English;
			hasScannedForEncodings = 0;
			knownRegions = (
				en,
				Base,
			);
			mainGroup = 58EED8DA1F7271D80033C6A2;
			productRefGroup = 58EED8E41F7271D80033C6A2 /* Products */;
			projectDirPath = "";
			projectRoot = "";
			targets = (
				58EED8E21F7271D80033C6A2 /* Example */,
			);
		};
/* End PBXProject section */

/* Begin PBXResourcesBuildPhase section */
		58EED8E11F7271D80033C6A2 /* Resources */ = {
			isa = PBXResourcesBuildPhase;
			buildActionMask = 2147483647;
			files = (
				58EED8F61F7271D80033C6A2 /* LaunchScreen.storyboard in Resources */,
				58EED9071F7272390033C6A2 /* test.json in Resources */,
				58EED8F31F7271D80033C6A2 /* Assets.xcassets in Resources */,
				58EED8F11F7271D80033C6A2 /* Main.storyboard in Resources */,
			);
			runOnlyForDeploymentPostprocessing = 0;
		};
/* End PBXResourcesBuildPhase section */

/* Begin PBXSourcesBuildPhase section */
		58EED8DF1F7271D80033C6A2 /* Sources */ = {
			isa = PBXSourcesBuildPhase;
			buildActionMask = 2147483647;
			files = (
				58EED9061F7272390033C6A2 /* NSJSONSerialization+Nonnull.m in Sources */,
				58EED98A1F7276CC0033C6A2 /* NSValueTransformer+MTLInversionAdditions.m in Sources */,
				58EED98B1F7276CC0033C6A2 /* NSValueTransformer+MTLPredefinedTransformerAdditions.m in Sources */,
				58EED9041F7272390033C6A2 /* GHIssue.m in Sources */,
				58EED9891F7276CC0033C6A2 /* NSObject+MTLComparisonAdditions.m in Sources */,
				58EED9801F7276CC0033C6A2 /* MTLModel.m in Sources */,
				58EED9871F7276CC0033C6A2 /* NSDictionary+MTLMappingAdditions.m in Sources */,
				58EED9841F7276CC0033C6A2 /* NSArray+MTLManipulationAdditions.m in Sources */,
				58EED9881F7276CC0033C6A2 /* NSError+MTLModelException.m in Sources */,
				58EED8EE1F7271D80033C6A2 /* ViewController.m in Sources */,
				58E983C41F727FA600B399A5 /* EXTScope.m in Sources */,
				58E983C31F727FA600B399A5 /* EXTRuntimeExtensions.m in Sources */,
				58EED8EB1F7271D80033C6A2 /* AppDelegate.m in Sources */,
				58EED9831F7276CC0033C6A2 /* MTLValueTransformer.m in Sources */,
				58EED97F1F7276CC0033C6A2 /* MTLModel+NSCoding.m in Sources */,
				58EED8E81F7271D80033C6A2 /* main.m in Sources */,
				58EED97E1F7276CC0033C6A2 /* MTLJSONAdapter.m in Sources */,
				58EED9811F7276CC0033C6A2 /* MTLReflection.m in Sources */,
				58EED9851F7276CC0033C6A2 /* NSDictionary+MTLJSONKeyPath.m in Sources */,
				58EED9051F7272390033C6A2 /* GHUser.m in Sources */,
				58EED9861F7276CC0033C6A2 /* NSDictionary+MTLManipulationAdditions.m in Sources */,
				58EED9821F7276CC0033C6A2 /* MTLTransformerErrorHandling.m in Sources */,
			);
			runOnlyForDeploymentPostprocessing = 0;
		};
/* End PBXSourcesBuildPhase section */

/* Begin PBXVariantGroup section */
		58EED8EF1F7271D80033C6A2 /* Main.storyboard */ = {
			isa = PBXVariantGroup;
			children = (
				58EED8F01F7271D80033C6A2 /* Base */,
			);
			name = Main.storyboard;
			sourceTree = "<group>";
		};
		58EED8F41F7271D80033C6A2 /* LaunchScreen.storyboard */ = {
			isa = PBXVariantGroup;
			children = (
				58EED8F51F7271D80033C6A2 /* Base */,
			);
			name = LaunchScreen.storyboard;
			sourceTree = "<group>";
		};
/* End PBXVariantGroup section */

/* Begin XCBuildConfiguration section */
		58EED8F81F7271D80033C6A2 /* Debug */ = {
			isa = XCBuildConfiguration;
			buildSettings = {
				ALWAYS_SEARCH_USER_PATHS = NO;
				CLANG_ANALYZER_NONNULL = YES;
				CLANG_ANALYZER_NUMBER_OBJECT_CONVERSION = YES_AGGRESSIVE;
				CLANG_CXX_LANGUAGE_STANDARD = "gnu++0x";
				CLANG_CXX_LIBRARY = "libc++";
				CLANG_ENABLE_MODULES = YES;
				CLANG_ENABLE_OBJC_ARC = YES;
				CLANG_WARN_BOOL_CONVERSION = YES;
				CLANG_WARN_CONSTANT_CONVERSION = YES;
				CLANG_WARN_DIRECT_OBJC_ISA_USAGE = YES_ERROR;
				CLANG_WARN_DOCUMENTATION_COMMENTS = YES;
				CLANG_WARN_EMPTY_BODY = YES;
				CLANG_WARN_ENUM_CONVERSION = YES;
				CLANG_WARN_INFINITE_RECURSION = YES;
				CLANG_WARN_INT_CONVERSION = YES;
				CLANG_WARN_OBJC_ROOT_CLASS = YES_ERROR;
				CLANG_WARN_SUSPICIOUS_MOVE = YES;
				CLANG_WARN_UNREACHABLE_CODE = YES;
				CLANG_WARN__DUPLICATE_METHOD_MATCH = YES;
				"CODE_SIGN_IDENTITY[sdk=iphoneos*]" = "iPhone Developer";
				COPY_PHASE_STRIP = NO;
				DEBUG_INFORMATION_FORMAT = dwarf;
				ENABLE_STRICT_OBJC_MSGSEND = YES;
				ENABLE_TESTABILITY = YES;
				GCC_C_LANGUAGE_STANDARD = gnu99;
				GCC_DYNAMIC_NO_PIC = NO;
				GCC_NO_COMMON_BLOCKS = YES;
				GCC_OPTIMIZATION_LEVEL = 0;
				GCC_PREPROCESSOR_DEFINITIONS = (
					"DEBUG=1",
					"$(inherited)",
				);
				GCC_WARN_64_TO_32_BIT_CONVERSION = YES;
				GCC_WARN_ABOUT_RETURN_TYPE = YES_ERROR;
				GCC_WARN_UNDECLARED_SELECTOR = YES;
				GCC_WARN_UNINITIALIZED_AUTOS = YES_AGGRESSIVE;
				GCC_WARN_UNUSED_FUNCTION = YES;
				GCC_WARN_UNUSED_VARIABLE = YES;
				IPHONEOS_DEPLOYMENT_TARGET = 10.3;
				MTL_ENABLE_DEBUG_INFO = YES;
				ONLY_ACTIVE_ARCH = YES;
				SDKROOT = iphoneos;
				TARGETED_DEVICE_FAMILY = "1,2";
			};
			name = Debug;
		};
		58EED8F91F7271D80033C6A2 /* Release */ = {
			isa = XCBuildConfiguration;
			buildSettings = {
				ALWAYS_SEARCH_USER_PATHS = NO;
				CLANG_ANALYZER_NONNULL = YES;
				CLANG_ANALYZER_NUMBER_OBJECT_CONVERSION = YES_AGGRESSIVE;
				CLANG_CXX_LANGUAGE_STANDARD = "gnu++0x";
				CLANG_CXX_LIBRARY = "libc++";
				CLANG_ENABLE_MODULES = YES;
				CLANG_ENABLE_OBJC_ARC = YES;
				CLANG_WARN_BOOL_CONVERSION = YES;
				CLANG_WARN_CONSTANT_CONVERSION = YES;
				CLANG_WARN_DIRECT_OBJC_ISA_USAGE = YES_ERROR;
				CLANG_WARN_DOCUMENTATION_COMMENTS = YES;
				CLANG_WARN_EMPTY_BODY = YES;
				CLANG_WARN_ENUM_CONVERSION = YES;
				CLANG_WARN_INFINITE_RECURSION = YES;
				CLANG_WARN_INT_CONVERSION = YES;
				CLANG_WARN_OBJC_ROOT_CLASS = YES_ERROR;
				CLANG_WARN_SUSPICIOUS_MOVE = YES;
				CLANG_WARN_UNREACHABLE_CODE = YES;
				CLANG_WARN__DUPLICATE_METHOD_MATCH = YES;
				"CODE_SIGN_IDENTITY[sdk=iphoneos*]" = "iPhone Developer";
				COPY_PHASE_STRIP = NO;
				DEBUG_INFORMATION_FORMAT = "dwarf-with-dsym";
				ENABLE_NS_ASSERTIONS = NO;
				ENABLE_STRICT_OBJC_MSGSEND = YES;
				GCC_C_LANGUAGE_STANDARD = gnu99;
				GCC_NO_COMMON_BLOCKS = YES;
				GCC_WARN_64_TO_32_BIT_CONVERSION = YES;
				GCC_WARN_ABOUT_RETURN_TYPE = YES_ERROR;
				GCC_WARN_UNDECLARED_SELECTOR = YES;
				GCC_WARN_UNINITIALIZED_AUTOS = YES_AGGRESSIVE;
				GCC_WARN_UNUSED_FUNCTION = YES;
				GCC_WARN_UNUSED_VARIABLE = YES;
				IPHONEOS_DEPLOYMENT_TARGET = 10.3;
				MTL_ENABLE_DEBUG_INFO = NO;
				SDKROOT = iphoneos;
				TARGETED_DEVICE_FAMILY = "1,2";
				VALIDATE_PRODUCT = YES;
			};
			name = Release;
		};
		58EED8FB1F7271D80033C6A2 /* Debug */ = {
			isa = XCBuildConfiguration;
			buildSettings = {
				ASSETCATALOG_COMPILER_APPICON_NAME = AppIcon;
				DEVELOPMENT_TEAM = L32PN8QKLZ;
				INFOPLIST_FILE = Example/Info.plist;
				IPHONEOS_DEPLOYMENT_TARGET = 8.0;
				LD_RUNPATH_SEARCH_PATHS = "$(inherited) @executable_path/Frameworks";
				PRODUCT_BUNDLE_IDENTIFIER = com.shannon.com.Example;
				PRODUCT_NAME = "$(TARGET_NAME)";
			};
			name = Debug;
		};
		58EED8FC1F7271D80033C6A2 /* Release */ = {
			isa = XCBuildConfiguration;
			buildSettings = {
				ASSETCATALOG_COMPILER_APPICON_NAME = AppIcon;
				DEVELOPMENT_TEAM = L32PN8QKLZ;
				INFOPLIST_FILE = Example/Info.plist;
				IPHONEOS_DEPLOYMENT_TARGET = 8.0;
				LD_RUNPATH_SEARCH_PATHS = "$(inherited) @executable_path/Frameworks";
				PRODUCT_BUNDLE_IDENTIFIER = com.shannon.com.Example;
				PRODUCT_NAME = "$(TARGET_NAME)";
			};
			name = Release;
		};
/* End XCBuildConfiguration section */

/* Begin XCConfigurationList section */
		58EED8DE1F7271D80033C6A2 /* Build configuration list for PBXProject "Example" */ = {
			isa = XCConfigurationList;
			buildConfigurations = (
				58EED8F81F7271D80033C6A2 /* Debug */,
				58EED8F91F7271D80033C6A2 /* Release */,
			);
			defaultConfigurationIsVisible = 0;
			defaultConfigurationName = Release;
		};
		58EED8FA1F7271D80033C6A2 /* Build configuration list for PBXNativeTarget "Example" */ = {
			isa = XCConfigurationList;
			buildConfigurations = (
				58EED8FB1F7271D80033C6A2 /* Debug */,
				58EED8FC1F7271D80033C6A2 /* Release */,
			);
			defaultConfigurationIsVisible = 0;
			defaultConfigurationName = Release;
		};
/* End XCConfigurationList section */
	};
	rootObject = 58EED8DB1F7271D80033C6A2 /* Project object */;
}
