// !$*UTF8*$!
{
	archiveVersion = 1;
	classes = {
	};
	objectVersion = 50;
	objects = {

/* Begin PBXBuildFile section */
		585C900320999122002A7066 /* AppDelegate.m in Sources */ = {isa = PBXBuildFile; fileRef = 585C900220999122002A7066 /* AppDelegate.m */; };
		585C900620999122002A7066 /* ViewController.m in Sources */ = {isa = PBXBuildFile; fileRef = 585C900520999122002A7066 /* ViewController.m */; };
		585C900920999122002A7066 /* Main.storyboard in Resources */ = {isa = PBXBuildFile; fileRef = 585C900720999122002A7066 /* Main.storyboard */; };
		585C900B20999126002A7066 /* Assets.xcassets in Resources */ = {isa = PBXBuildFile; fileRef = 585C900A20999126002A7066 /* Assets.xcassets */; };
		585C900E20999126002A7066 /* LaunchScreen.storyboard in Resources */ = {isa = PBXBuildFile; fileRef = 585C900C20999126002A7066 /* LaunchScreen.storyboard */; };
		585C901120999126002A7066 /* main.m in Sources */ = {isa = PBXBuildFile; fileRef = 585C901020999126002A7066 /* main.m */; };
		585C901820999159002A7066 /* JSPatch.js in Resources */ = {isa = PBXBuildFile; fileRef = 585C901720999159002A7066 /* JSPatch.js */; };
		585C901B2099918A002A7066 /* JSEngine.m in Sources */ = {isa = PBXBuildFile; fileRef = 585C901A2099918A002A7066 /* JSEngine.m */; };
		5896BF6E209B268A00392776 /* Example.js in Resources */ = {isa = PBXBuildFile; fileRef = 5896BF6D209B268A00392776 /* Example.js */; };
/* End PBXBuildFile section */

/* Begin PBXFileReference section */
		585C8FFE20999122002A7066 /* SCPatch.app */ = {isa = PBXFileReference; explicitFileType = wrapper.application; includeInIndex = 0; path = SCPatch.app; sourceTree = BUILT_PRODUCTS_DIR; };
		585C900120999122002A7066 /* AppDelegate.h */ = {isa = PBXFileReference; lastKnownFileType = sourcecode.c.h; path = AppDelegate.h; sourceTree = "<group>"; };
		585C900220999122002A7066 /* AppDelegate.m */ = {isa = PBXFileReference; lastKnownFileType = sourcecode.c.objc; path = AppDelegate.m; sourceTree = "<group>"; };
		585C900420999122002A7066 /* ViewController.h */ = {isa = PBXFileReference; lastKnownFileType = sourcecode.c.h; path = ViewController.h; sourceTree = "<group>"; };
		585C900520999122002A7066 /* ViewController.m */ = {isa = PBXFileReference; lastKnownFileType = sourcecode.c.objc; path = ViewController.m; sourceTree = "<group>"; };
		585C900820999122002A7066 /* Base */ = {isa = PBXFileReference; lastKnownFileType = file.storyboard; name = Base; path = Base.lproj/Main.storyboard; sourceTree = "<group>"; };
		585C900A20999126002A7066 /* Assets.xcassets */ = {isa = PBXFileReference; lastKnownFileType = folder.assetcatalog; path = Assets.xcassets; sourceTree = "<group>"; };
		585C900D20999126002A7066 /* Base */ = {isa = PBXFileReference; lastKnownFileType = file.storyboard; name = Base; path = Base.lproj/LaunchScreen.storyboard; sourceTree = "<group>"; };
		585C900F20999126002A7066 /* Info.plist */ = {isa = PBXFileReference; lastKnownFileType = text.plist.xml; path = Info.plist; sourceTree = "<group>"; };
		585C901020999126002A7066 /* main.m */ = {isa = PBXFileReference; lastKnownFileType = sourcecode.c.objc; path = main.m; sourceTree = "<group>"; };
		585C901720999159002A7066 /* JSPatch.js */ = {isa = PBXFileReference; lastKnownFileType = sourcecode.javascript; path = JSPatch.js; sourceTree = "<group>"; };
		585C90192099918A002A7066 /* JSEngine.h */ = {isa = PBXFileReference; lastKnownFileType = sourcecode.c.h; path = JSEngine.h; sourceTree = "<group>"; };
		585C901A2099918A002A7066 /* JSEngine.m */ = {isa = PBXFileReference; lastKnownFileType = sourcecode.c.objc; path = JSEngine.m; sourceTree = "<group>"; };
		5896BF6D209B268A00392776 /* Example.js */ = {isa = PBXFileReference; fileEncoding = 4; lastKnownFileType = sourcecode.javascript; path = Example.js; sourceTree = "<group>"; };
/* End PBXFileReference section */

/* Begin PBXFrameworksBuildPhase section */
		585C8FFB20999122002A7066 /* Frameworks */ = {
			isa = PBXFrameworksBuildPhase;
			buildActionMask = 2147483647;
			files = (
			);
			runOnlyForDeploymentPostprocessing = 0;
		};
/* End PBXFrameworksBuildPhase section */

/* Begin PBXGroup section */
		585C8FF520999122002A7066 = {
			isa = PBXGroup;
			children = (
				585C900020999122002A7066 /* SCPatch */,
				585C8FFF20999122002A7066 /* Products */,
			);
			sourceTree = "<group>";
		};
		585C8FFF20999122002A7066 /* Products */ = {
			isa = PBXGroup;
			children = (
				585C8FFE20999122002A7066 /* SCPatch.app */,
			);
			name = Products;
			sourceTree = "<group>";
		};
		585C900020999122002A7066 /* SCPatch */ = {
			isa = PBXGroup;
			children = (
				585C900120999122002A7066 /* AppDelegate.h */,
				585C900220999122002A7066 /* AppDelegate.m */,
				585C900420999122002A7066 /* ViewController.h */,
				585C900520999122002A7066 /* ViewController.m */,
				585C90192099918A002A7066 /* JSEngine.h */,
				585C901A2099918A002A7066 /* JSEngine.m */,
				5896BF6D209B268A00392776 /* Example.js */,
				585C901720999159002A7066 /* JSPatch.js */,
				585C900720999122002A7066 /* Main.storyboard */,
				585C900A20999126002A7066 /* Assets.xcassets */,
				585C900C20999126002A7066 /* LaunchScreen.storyboard */,
				585C900F20999126002A7066 /* Info.plist */,
				585C901020999126002A7066 /* main.m */,
			);
			path = SCPatch;
			sourceTree = "<group>";
		};
/* End PBXGroup section */

/* Begin PBXNativeTarget section */
		585C8FFD20999122002A7066 /* SCPatch */ = {
			isa = PBXNativeTarget;
			buildConfigurationList = 585C901420999126002A7066 /* Build configuration list for PBXNativeTarget "SCPatch" */;
			buildPhases = (
				585C8FFA20999122002A7066 /* Sources */,
				585C8FFB20999122002A7066 /* Frameworks */,
				585C8FFC20999122002A7066 /* Resources */,
			);
			buildRules = (
			);
			dependencies = (
			);
			name = SCPatch;
			productName = SCPatch;
			productReference = 585C8FFE20999122002A7066 /* SCPatch.app */;
			productType = "com.apple.product-type.application";
		};
/* End PBXNativeTarget section */

/* Begin PBXProject section */
		585C8FF620999122002A7066 /* Project object */ = {
			isa = PBXProject;
			attributes = {
				LastUpgradeCheck = 0930;
				ORGANIZATIONNAME = ShannonChen;
				TargetAttributes = {
					585C8FFD20999122002A7066 = {
						CreatedOnToolsVersion = 9.3;
					};
				};
			};
			buildConfigurationList = 585C8FF920999122002A7066 /* Build configuration list for PBXProject "SCPatch" */;
			compatibilityVersion = "Xcode 9.3";
			developmentRegion = en;
			hasScannedForEncodings = 0;
			knownRegions = (
				en,
				Base,
			);
			mainGroup = 585C8FF520999122002A7066;
			productRefGroup = 585C8FFF20999122002A7066 /* Products */;
			projectDirPath = "";
			projectRoot = "";
			targets = (
				585C8FFD20999122002A7066 /* SCPatch */,
			);
		};
/* End PBXProject section */

/* Begin PBXResourcesBuildPhase section */
		585C8FFC20999122002A7066 /* Resources */ = {
			isa = PBXResourcesBuildPhase;
			buildActionMask = 2147483647;
			files = (
				585C900E20999126002A7066 /* LaunchScreen.storyboard in Resources */,
				5896BF6E209B268A00392776 /* Example.js in Resources */,
				585C900B20999126002A7066 /* Assets.xcassets in Resources */,
				585C900920999122002A7066 /* Main.storyboard in Resources */,
				585C901820999159002A7066 /* JSPatch.js in Resources */,
			);
			runOnlyForDeploymentPostprocessing = 0;
		};
/* End PBXResourcesBuildPhase section */

/* Begin PBXSourcesBuildPhase section */
		585C8FFA20999122002A7066 /* Sources */ = {
			isa = PBXSourcesBuildPhase;
			buildActionMask = 2147483647;
			files = (
				585C901B2099918A002A7066 /* JSEngine.m in Sources */,
				585C900620999122002A7066 /* ViewController.m in Sources */,
				585C901120999126002A7066 /* main.m in Sources */,
				585C900320999122002A7066 /* AppDelegate.m in Sources */,
			);
			runOnlyForDeploymentPostprocessing = 0;
		};
/* End PBXSourcesBuildPhase section */

/* Begin PBXVariantGroup section */
		585C900720999122002A7066 /* Main.storyboard */ = {
			isa = PBXVariantGroup;
			children = (
				585C900820999122002A7066 /* Base */,
			);
			name = Main.storyboard;
			sourceTree = "<group>";
		};
		585C900C20999126002A7066 /* LaunchScreen.storyboard */ = {
			isa = PBXVariantGroup;
			children = (
				585C900D20999126002A7066 /* Base */,
			);
			name = LaunchScreen.storyboard;
			sourceTree = "<group>";
		};
/* End PBXVariantGroup section */

/* Begin XCBuildConfiguration section */
		585C901220999126002A7066 /* Debug */ = {
			isa = XCBuildConfiguration;
			buildSettings = {
				ALWAYS_SEARCH_USER_PATHS = NO;
				CLANG_ANALYZER_NONNULL = YES;
				CLANG_ANALYZER_NUMBER_OBJECT_CONVERSION = YES_AGGRESSIVE;
				CLANG_CXX_LANGUAGE_STANDARD = "gnu++14";
				CLANG_CXX_LIBRARY = "libc++";
				CLANG_ENABLE_MODULES = YES;
				CLANG_ENABLE_OBJC_ARC = YES;
				CLANG_ENABLE_OBJC_WEAK = YES;
				CLANG_WARN_BLOCK_CAPTURE_AUTORELEASING = YES;
				CLANG_WARN_BOOL_CONVERSION = YES;
				CLANG_WARN_COMMA = YES;
				CLANG_WARN_CONSTANT_CONVERSION = YES;
				CLANG_WARN_DEPRECATED_OBJC_IMPLEMENTATIONS = YES;
				CLANG_WARN_DIRECT_OBJC_ISA_USAGE = YES_ERROR;
				CLANG_WARN_DOCUMENTATION_COMMENTS = YES;
				CLANG_WARN_EMPTY_BODY = YES;
				CLANG_WARN_ENUM_CONVERSION = YES;
				CLANG_WARN_INFINITE_RECURSION = YES;
				CLANG_WARN_INT_CONVERSION = YES;
				CLANG_WARN_NON_LITERAL_NULL_CONVERSION = YES;
				CLANG_WARN_OBJC_IMPLICIT_RETAIN_SELF = YES;
				CLANG_WARN_OBJC_LITERAL_CONVERSION = YES;
				CLANG_WARN_OBJC_ROOT_CLASS = YES_ERROR;
				CLANG_WARN_RANGE_LOOP_ANALYSIS = YES;
				CLANG_WARN_STRICT_PROTOTYPES = YES;
				CLANG_WARN_SUSPICIOUS_MOVE = YES;
				CLANG_WARN_UNGUARDED_AVAILABILITY = YES_AGGRESSIVE;
				CLANG_WARN_UNREACHABLE_CODE = YES;
				CLANG_WARN__DUPLICATE_METHOD_MATCH = YES;
				CODE_SIGN_IDENTITY = "iPhone Developer";
				COPY_PHASE_STRIP = NO;
				DEBUG_INFORMATION_FORMAT = dwarf;
				ENABLE_STRICT_OBJC_MSGSEND = YES;
				ENABLE_TESTABILITY = YES;
				GCC_C_LANGUAGE_STANDARD = gnu11;
				GCC_DYNAMIC_NO_PIC = NO;
				GCC_NO_COMMON_BLOCKS = YES;
				GCC_OPTIMIZATION_LEVEL = 0;
				GCC_PREPROCESSOR_DEFINITIONS = (
					"DEBUG=1",
					"$(inherited)",
				);
				GCC_WARN_64_TO_32_BIT_CONVERSION = YES;
				GCC_WARN_ABOUT_RETURN_TYPE = YES_ERROR;
				GCC_WARN_UNDECLARED_SELECTOR = YES;
				GCC_WARN_UNINITIALIZED_AUTOS = YES_AGGRESSIVE;
				GCC_WARN_UNUSED_FUNCTION = YES;
				GCC_WARN_UNUSED_VARIABLE = YES;
				IPHONEOS_DEPLOYMENT_TARGET = 11.3;
				MTL_ENABLE_DEBUG_INFO = YES;
				ONLY_ACTIVE_ARCH = YES;
				SDKROOT = iphoneos;
			};
			name = Debug;
		};
		585C901320999126002A7066 /* Release */ = {
			isa = XCBuildConfiguration;
			buildSettings = {
				ALWAYS_SEARCH_USER_PATHS = NO;
				CLANG_ANALYZER_NONNULL = YES;
				CLANG_ANALYZER_NUMBER_OBJECT_CONVERSION = YES_AGGRESSIVE;
				CLANG_CXX_LANGUAGE_STANDARD = "gnu++14";
				CLANG_CXX_LIBRARY = "libc++";
				CLANG_ENABLE_MODULES = YES;
				CLANG_ENABLE_OBJC_ARC = YES;
				CLANG_ENABLE_OBJC_WEAK = YES;
				CLANG_WARN_BLOCK_CAPTURE_AUTORELEASING = YES;
				CLANG_WARN_BOOL_CONVERSION = YES;
				CLANG_WARN_COMMA = YES;
				CLANG_WARN_CONSTANT_CONVERSION = YES;
				CLANG_WARN_DEPRECATED_OBJC_IMPLEMENTATIONS = YES;
				CLANG_WARN_DIRECT_OBJC_ISA_USAGE = YES_ERROR;
				CLANG_WARN_DOCUMENTATION_COMMENTS = YES;
				CLANG_WARN_EMPTY_BODY = YES;
				CLANG_WARN_ENUM_CONVERSION = YES;
				CLANG_WARN_INFINITE_RECURSION = YES;
				CLANG_WARN_INT_CONVERSION = YES;
				CLANG_WARN_NON_LITERAL_NULL_CONVERSION = YES;
				CLANG_WARN_OBJC_IMPLICIT_RETAIN_SELF = YES;
				CLANG_WARN_OBJC_LITERAL_CONVERSION = YES;
				CLANG_WARN_OBJC_ROOT_CLASS = YES_ERROR;
				CLANG_WARN_RANGE_LOOP_ANALYSIS = YES;
				CLANG_WARN_STRICT_PROTOTYPES = YES;
				CLANG_WARN_SUSPICIOUS_MOVE = YES;
				CLANG_WARN_UNGUARDED_AVAILABILITY = YES_AGGRESSIVE;
				CLANG_WARN_UNREACHABLE_CODE = YES;
				CLANG_WARN__DUPLICATE_METHOD_MATCH = YES;
				CODE_SIGN_IDENTITY = "iPhone Developer";
				COPY_PHASE_STRIP = NO;
				DEBUG_INFORMATION_FORMAT = "dwarf-with-dsym";
				ENABLE_NS_ASSERTIONS = NO;
				ENABLE_STRICT_OBJC_MSGSEND = YES;
				GCC_C_LANGUAGE_STANDARD = gnu11;
				GCC_NO_COMMON_BLOCKS = YES;
				GCC_WARN_64_TO_32_BIT_CONVERSION = YES;
				GCC_WARN_ABOUT_RETURN_TYPE = YES_ERROR;
				GCC_WARN_UNDECLARED_SELECTOR = YES;
				GCC_WARN_UNINITIALIZED_AUTOS = YES_AGGRESSIVE;
				GCC_WARN_UNUSED_FUNCTION = YES;
				GCC_WARN_UNUSED_VARIABLE = YES;
				IPHONEOS_DEPLOYMENT_TARGET = 11.3;
				MTL_ENABLE_DEBUG_INFO = NO;
				SDKROOT = iphoneos;
				VALIDATE_PRODUCT = YES;
			};
			name = Release;
		};
		585C901520999126002A7066 /* Debug */ = {
			isa = XCBuildConfiguration;
			buildSettings = {
				ASSETCATALOG_COMPILER_APPICON_NAME = AppIcon;
				CODE_SIGN_STYLE = Automatic;
				INFOPLIST_FILE = SCPatch/Info.plist;
				LD_RUNPATH_SEARCH_PATHS = (
					"$(inherited)",
					"@executable_path/Frameworks",
				);
				PRODUCT_BUNDLE_IDENTIFIER = com.shannon.com.SCPatch;
				PRODUCT_NAME = "$(TARGET_NAME)";
				TARGETED_DEVICE_FAMILY = "1,2";
			};
			name = Debug;
		};
		585C901620999126002A7066 /* Release */ = {
			isa = XCBuildConfiguration;
			buildSettings = {
				ASSETCATALOG_COMPILER_APPICON_NAME = AppIcon;
				CODE_SIGN_STYLE = Automatic;
				INFOPLIST_FILE = SCPatch/Info.plist;
				LD_RUNPATH_SEARCH_PATHS = (
					"$(inherited)",
					"@executable_path/Frameworks",
				);
				PRODUCT_BUNDLE_IDENTIFIER = com.shannon.com.SCPatch;
				PRODUCT_NAME = "$(TARGET_NAME)";
				TARGETED_DEVICE_FAMILY = "1,2";
			};
			name = Release;
		};
/* End XCBuildConfiguration section */

/* Begin XCConfigurationList section */
		585C8FF920999122002A7066 /* Build configuration list for PBXProject "SCPatch" */ = {
			isa = XCConfigurationList;
			buildConfigurations = (
				585C901220999126002A7066 /* Debug */,
				585C901320999126002A7066 /* Release */,
			);
			defaultConfigurationIsVisible = 0;
			defaultConfigurationName = Release;
		};
		585C901420999126002A7066 /* Build configuration list for PBXNativeTarget "SCPatch" */ = {
			isa = XCConfigurationList;
			buildConfigurations = (
				585C901520999126002A7066 /* Debug */,
				585C901620999126002A7066 /* Release */,
			);
			defaultConfigurationIsVisible = 0;
			defaultConfigurationName = Release;
		};
/* End XCConfigurationList section */
	};
	rootObject = 585C8FF620999122002A7066 /* Project object */;
}
